
Microsoft Visual Studio Solution File, Format Version 12.00
# Visual Studio 15
VisualStudioVersion = 15.0.27428.2043
MinimumVisualStudioVersion = 10.0.40219.1
Project("{FAE04EC0-301F-11D3-BF4B-00C04F79EFBC}") = "Smairo.Template.ConsoleApp", "Smairo.Template.ConsoleApp\Smairo.Template.ConsoleApp.csproj", "{F7B3A795-036B-46FF-BFCA-7136E597A01F}"
EndProject
Project("{FAE04EC0-301F-11D3-BF4B-00C04F79EFBC}") = "Smairo.Template.ConsoleApp.Tests", "Smairo.Template.ConsoleApp.Tests\Smairo.Template.ConsoleApp.Tests.csproj", "{EE19D3C5-A087-49F9-A8A7-CF2B2988D7BC}"
EndProject
Global
	GlobalSection(SolutionConfigurationPlatforms) = preSolution
		Debug|Any CPU = Debug|Any CPU
		Release|Any CPU = Release|Any CPU
	EndGlobalSection
	GlobalSection(ProjectConfigurationPlatforms) = postSolution
		{F7B3A795-036B-46FF-BFCA-7136E597A01F}.Debug|Any CPU.ActiveCfg = Debug|Any CPU
		{F7B3A795-036B-46FF-BFCA-7136E597A01F}.Debug|Any CPU.Build.0 = Debug|Any CPU
		{F7B3A795-036B-46FF-BFCA-7136E597A01F}.Release|Any CPU.ActiveCfg = Release|Any CPU
		{F7B3A795-036B-46FF-BFCA-7136E597A01F}.Release|Any CPU.Build.0 = Release|Any CPU
		{EE19D3C5-A087-49F9-A8A7-CF2B2988D7BC}.Debug|Any CPU.ActiveCfg = Debug|Any CPU
		{EE19D3C5-A087-49F9-A8A7-CF2B2988D7BC}.Debug|Any CPU.Build.0 = Debug|Any CPU
		{EE19D3C5-A087-49F9-A8A7-CF2B2988D7BC}.Release|Any CPU.ActiveCfg = Release|Any CPU
		{EE19D3C5-A087-49F9-A8A7-CF2B2988D7BC}.Release|Any CPU.Build.0 = Release|Any CPU
	EndGlobalSection
	GlobalSection(SolutionProperties) = preSolution
		HideSolutionNode = FALSE
	EndGlobalSection
	GlobalSection(ExtensibilityGlobals) = postSolution
		SolutionGuid = {89995445-F806-430F-97AB-A70470D7D0DE}
	EndGlobalSection
EndGlobal
