
Microsoft Visual Studio Solution File, Format Version 12.00
# Visual Studio 15
VisualStudioVersion = 15.0.27428.2043
MinimumVisualStudioVersion = 10.0.40219.1
Project("{FAE04EC0-301F-11D3-BF4B-00C04F79EFBC}") = "Smairo.Template.AzureFunctions.Timer", "Smairo.Template.AzureFunctions.Timer\Smairo.Template.AzureFunctions.Timer.csproj", "{D4AEDB99-BC70-4C42-94AD-79106EE14B57}"
EndProject
Project("{FAE04EC0-301F-11D3-BF4B-00C04F79EFBC}") = "Smairo.Template.AzureFunctions.Timer.Tests", "Smairo.Template.AzureFunctions.Timer.Tests\Smairo.Template.AzureFunctions.Timer.Tests.csproj", "{0571DA6E-763E-47D0-B18F-EFECE741B612}"
EndProject
Global
	GlobalSection(SolutionConfigurationPlatforms) = preSolution
		Debug|Any CPU = Debug|Any CPU
		Release|Any CPU = Release|Any CPU
	EndGlobalSection
	GlobalSection(ProjectConfigurationPlatforms) = postSolution
		{D4AEDB99-BC70-4C42-94AD-79106EE14B57}.Debug|Any CPU.ActiveCfg = Debug|Any CPU
		{D4AEDB99-BC70-4C42-94AD-79106EE14B57}.Debug|Any CPU.Build.0 = Debug|Any CPU
		{D4AEDB99-BC70-4C42-94AD-79106EE14B57}.Release|Any CPU.ActiveCfg = Release|Any CPU
		{D4AEDB99-BC70-4C42-94AD-79106EE14B57}.Release|Any CPU.Build.0 = Release|Any CPU
		{0571DA6E-763E-47D0-B18F-EFECE741B612}.Debug|Any CPU.ActiveCfg = Debug|Any CPU
		{0571DA6E-763E-47D0-B18F-EFECE741B612}.Debug|Any CPU.Build.0 = Debug|Any CPU
		{0571DA6E-763E-47D0-B18F-EFECE741B612}.Release|Any CPU.ActiveCfg = Release|Any CPU
		{0571DA6E-763E-47D0-B18F-EFECE741B612}.Release|Any CPU.Build.0 = Release|Any CPU
	EndGlobalSection
	GlobalSection(SolutionProperties) = preSolution
		HideSolutionNode = FALSE
	EndGlobalSection
	GlobalSection(ExtensibilityGlobals) = postSolution
		SolutionGuid = {424F0B32-F2C9-432A-A590-6D867520A886}
	EndGlobalSection
EndGlobal
